
Microsoft Visual Studio Solution File, Format Version 12.00
# Visual Studio Version 16
VisualStudioVersion = 16.0.30503.244
MinimumVisualStudioVersion = 10.0.40219.1
Project("{FAE04EC0-301F-11D3-BF4B-00C04F79EFBC}") = "OcelotDemo", "OcelotDemo\OcelotDemo.csproj", "{C7D996CE-4B14-4274-983C-7538B989AC6F}"
EndProject
Project("{FAE04EC0-301F-11D3-BF4B-00C04F79EFBC}") = "WeatherApi", "WeatherApi\WeatherApi.csproj", "{B8D4147B-CD66-4943-B530-1B78E8D6AE56}"
EndProject
Project("{FAE04EC0-301F-11D3-BF4B-00C04F79EFBC}") = "WeatherApi2", "WeatherApi2\WeatherApi2.csproj", "{78E76B00-AC2E-448C-9976-11C64B3B3F9B}"
EndProject
Global
	GlobalSection(SolutionConfigurationPlatforms) = preSolution
		Debug|Any CPU = Debug|Any CPU
		Release|Any CPU = Release|Any CPU
	EndGlobalSection
	GlobalSection(ProjectConfigurationPlatforms) = postSolution
		{C7D996CE-4B14-4274-983C-7538B989AC6F}.Debug|Any CPU.ActiveCfg = Debug|Any CPU
		{C7D996CE-4B14-4274-983C-7538B989AC6F}.Debug|Any CPU.Build.0 = Debug|Any CPU
		{C7D996CE-4B14-4274-983C-7538B989AC6F}.Release|Any CPU.ActiveCfg = Release|Any CPU
		{C7D996CE-4B14-4274-983C-7538B989AC6F}.Release|Any CPU.Build.0 = Release|Any CPU
		{B8D4147B-CD66-4943-B530-1B78E8D6AE56}.Debug|Any CPU.ActiveCfg = Debug|Any CPU
		{B8D4147B-CD66-4943-B530-1B78E8D6AE56}.Debug|Any CPU.Build.0 = Debug|Any CPU
		{B8D4147B-CD66-4943-B530-1B78E8D6AE56}.Release|Any CPU.ActiveCfg = Release|Any CPU
		{B8D4147B-CD66-4943-B530-1B78E8D6AE56}.Release|Any CPU.Build.0 = Release|Any CPU
		{78E76B00-AC2E-448C-9976-11C64B3B3F9B}.Debug|Any CPU.ActiveCfg = Debug|Any CPU
		{78E76B00-AC2E-448C-9976-11C64B3B3F9B}.Debug|Any CPU.Build.0 = Debug|Any CPU
		{78E76B00-AC2E-448C-9976-11C64B3B3F9B}.Release|Any CPU.ActiveCfg = Release|Any CPU
		{78E76B00-AC2E-448C-9976-11C64B3B3F9B}.Release|Any CPU.Build.0 = Release|Any CPU
	EndGlobalSection
	GlobalSection(SolutionProperties) = preSolution
		HideSolutionNode = FALSE
	EndGlobalSection
	GlobalSection(ExtensibilityGlobals) = postSolution
		SolutionGuid = {78B56DF6-4EEF-4DF9-AA7C-5D48D54A6ACE}
	EndGlobalSection
EndGlobal
